
Microsoft Visual Studio Solution File, Format Version 12.00
# Visual Studio 15
VisualStudioVersion = 15.0.27428.2027
MinimumVisualStudioVersion = 10.0.40219.1
Project("{FAE04EC0-301F-11D3-BF4B-00C04F79EFBC}") = "Lab2", "Lab2\Lab2.csproj", "{954CC901-9950-4B33-A985-2FDC57207A28}"
EndProject
Global
	GlobalSection(SolutionConfigurationPlatforms) = preSolution
		Debug|Any CPU = Debug|Any CPU
		Release|Any CPU = Release|Any CPU
	EndGlobalSection
	GlobalSection(ProjectConfigurationPlatforms) = postSolution
		{954CC901-9950-4B33-A985-2FDC57207A28}.Debug|Any CPU.ActiveCfg = Debug|Any CPU
		{954CC901-9950-4B33-A985-2FDC57207A28}.Debug|Any CPU.Build.0 = Debug|Any CPU
		{954CC901-9950-4B33-A985-2FDC57207A28}.Release|Any CPU.ActiveCfg = Release|Any CPU
		{954CC901-9950-4B33-A985-2FDC57207A28}.Release|Any CPU.Build.0 = Release|Any CPU
	EndGlobalSection
	GlobalSection(SolutionProperties) = preSolution
		HideSolutionNode = FALSE
	EndGlobalSection
	GlobalSection(ExtensibilityGlobals) = postSolution
		SolutionGuid = {F3D8F2A3-0196-4675-B12E-1E79736A6E77}
	EndGlobalSection
EndGlobal
